PODS:
  - EMTransformableNavigationController (1.0.0)
  - SwiftUIDebug (1.0.9):
    - EMTransformableNavigationController
  - SwiftUIDebugSwiftyBeaver (1.0.0):
    - SwiftUIDebug
    - SwiftyBeaver
  - SwiftyBeaver (1.4.0)

DEPENDENCIES:
  - SwiftUIDebug
  - SwiftUIDebugSwiftyBeaver (from `../`)
  - SwiftyBeaver

EXTERNAL SOURCES:
  SwiftUIDebugSwiftyBeaver:
    :path: ../

SPEC CHECKSUMS:
  EMTransformableNavigationController: 6abc22718892b5bb8c54230895e1b1023abde54f
  SwiftUIDebug: 77d4ad8efb7a1510ee2d66e2f2140246d4ffa984
  SwiftUIDebugSwiftyBeaver: 02a72ca2c359d1c690a74a81cfc40a2a3769c3c2
  SwiftyBeaver: 78d9186ce7595b4400ce01e5fd750d263e72dd7b

PODFILE CHECKSUM: 58a424037222d25165451824fcd5daf85c25251b

COCOAPODS: 1.1.1
